Microsoft Visual Studio Solution File, Format Version 12.00
Project("{FAE04EC0-301F-11D3-BF4B-00C04F79EFBC}") = "AdroitSampleServer", "AdroitSampleServer.csproj", "{DF7C627D-61D7-4C8E-ABE9-BAA46F2EEC5F}"
EndProject
Global
	GlobalSection(SolutionConfigurationPlatforms) = preSolution
		Debug|Any CPU = Debug|Any CPU
		Release|Any CPU = Release|Any CPU
	EndGlobalSection
	GlobalSection(ProjectConfigurationPlatforms) = postSolution
		{DF7C627D-61D7-4C8E-ABE9-BAA46F2EEC5F}.Debug|Any CPU.ActiveCfg = Debug|Any CPU
		{DF7C627D-61D7-4C8E-ABE9-BAA46F2EEC5F}.Debug|Any CPU.Build.0 = Debug|Any CPU
		{DF7C627D-61D7-4C8E-ABE9-BAA46F2EEC5F}.Release|Any CPU.ActiveCfg = Release|Any CPU
		{DF7C627D-61D7-4C8E-ABE9-BAA46F2EEC5F}.Release|Any CPU.Build.0 = Release|Any CPU
	EndGlobalSection
EndGlobal
